
Microsoft Visual Studio Solution File, Format Version 12.00
# Visual Studio Version 16
VisualStudioVersion = 16.0.31729.503
MinimumVisualStudioVersion = 10.0.40219.1
Project("{FAE04EC0-301F-11D3-BF4B-00C04F79EFBC}") = "QuanLiRauMa", "QuanLiRauMa.csproj", "{931CE2FE-2591-48C5-8609-DC7D43BE6614}"
EndProject
Global
	GlobalSection(SolutionConfigurationPlatforms) = preSolution
		Debug|Any CPU = Debug|Any CPU
		Release|Any CPU = Release|Any CPU
	EndGlobalSection
	GlobalSection(ProjectConfigurationPlatforms) = postSolution
		{931CE2FE-2591-48C5-8609-DC7D43BE6614}.Debug|Any CPU.ActiveCfg = Debug|Any CPU
		{931CE2FE-2591-48C5-8609-DC7D43BE6614}.Debug|Any CPU.Build.0 = Debug|Any CPU
		{931CE2FE-2591-48C5-8609-DC7D43BE6614}.Release|Any CPU.ActiveCfg = Release|Any CPU
		{931CE2FE-2591-48C5-8609-DC7D43BE6614}.Release|Any CPU.Build.0 = Release|Any CPU
	EndGlobalSection
	GlobalSection(SolutionProperties) = preSolution
		HideSolutionNode = FALSE
	EndGlobalSection
	GlobalSection(ExtensibilityGlobals) = postSolution
		SolutionGuid = {42EDEBAD-2C38-44BA-AD8F-BBDF5C4BB112}
	EndGlobalSection
EndGlobal
